
Microsoft Visual Studio Solution File, Format Version 12.00
# Visual Studio 15
VisualStudioVersion = 15.0.27130.2010
MinimumVisualStudioVersion = 10.0.40219.1
Project("{FAE04EC0-301F-11D3-BF4B-00C04F79EFBC}") = "Hangfire.Lamar", "src\Hangfire.Lamar\Hangfire.Lamar.csproj", "{AC372080-E750-4D82-806D-EC62A762B598}"
EndProject
Project("{FAE04EC0-301F-11D3-BF4B-00C04F79EFBC}") = "Hangfire.Lamar.Test", "test\Hangfire.Lamar.Test\Hangfire.Lamar.Test.csproj", "{ABD74869-AC88-4113-984E-68B7576994BD}"
EndProject
Global
	GlobalSection(SolutionConfigurationPlatforms) = preSolution
		Debug|Any CPU = Debug|Any CPU
		Release|Any CPU = Release|Any CPU
	EndGlobalSection
	GlobalSection(ProjectConfigurationPlatforms) = postSolution
		{AC372080-E750-4D82-806D-EC62A762B598}.Debug|Any CPU.ActiveCfg = Debug|Any CPU
		{AC372080-E750-4D82-806D-EC62A762B598}.Debug|Any CPU.Build.0 = Debug|Any CPU
		{AC372080-E750-4D82-806D-EC62A762B598}.Release|Any CPU.ActiveCfg = Release|Any CPU
		{AC372080-E750-4D82-806D-EC62A762B598}.Release|Any CPU.Build.0 = Release|Any CPU
		{ABD74869-AC88-4113-984E-68B7576994BD}.Debug|Any CPU.ActiveCfg = Debug|Any CPU
		{ABD74869-AC88-4113-984E-68B7576994BD}.Debug|Any CPU.Build.0 = Debug|Any CPU
		{ABD74869-AC88-4113-984E-68B7576994BD}.Release|Any CPU.ActiveCfg = Release|Any CPU
		{ABD74869-AC88-4113-984E-68B7576994BD}.Release|Any CPU.Build.0 = Release|Any CPU
	EndGlobalSection
	GlobalSection(SolutionProperties) = preSolution
		HideSolutionNode = FALSE
	EndGlobalSection
EndGlobal
